github.com/imfing/hextra v0.12.1 h1:3t1n0bmJbDzSTVfht93UDcfF1BXMRjeFojA071ri2l8=
github.com/imfing/hextra v0.12.1/go.mod h1:vi+yhpq8YPp/aghvJlNKVnJKcPJ/VyAEcfC1BSV9ARo=
github.com/imfing/hextra v0.12.3-0.20260427194839-6ee265e06df7 h1:u8xCcI1K4hD12pvHCPbmO3cLZk2fz/YqSiOYry+VkCM=
github.com/imfing/hextra v0.12.3-0.20260427194839-6ee265e06df7/go.mod h1:vi+yhpq8YPp/aghvJlNKVnJKcPJ/VyAEcfC1BSV9ARo=
